
Microsoft Visual Studio Solution File, Format Version 12.00
# Visual Studio Version 16
VisualStudioVersion = 16.0.31702.278
MinimumVisualStudioVersion = 10.0.40219.1
Project("{9A19103F-16F7-4668-BE54-9A1E7A4F7556}") = "Goods", "Goods.csproj", "{7AD4C9C9-9203-42CA-B604-C1A28DF67857}"
EndProject
Project("{9A19103F-16F7-4668-BE54-9A1E7A4F7556}") = "Model", "..\Model\Model.csproj", "{23672467-194F-4E82-9208-B052CE63C64C}"
EndProject
Project("{9A19103F-16F7-4668-BE54-9A1E7A4F7556}") = "ControleService", "..\ControleService\ControleService.csproj", "{1C79666C-8EBB-4C15-94D2-C3CD43CAFB9A}"
EndProject
Project("{9A19103F-16F7-4668-BE54-9A1E7A4F7556}") = "Users", "..\Users\Users.csproj", "{079A04CC-0D29-4B7A-A5A6-3F69B02122F0}"
EndProject
Global
	GlobalSection(SolutionConfigurationPlatforms) = preSolution
		Debug|Any CPU = Debug|Any CPU
		Release|Any CPU = Release|Any CPU
	EndGlobalSection
	GlobalSection(ProjectConfigurationPlatforms) = postSolution
		{7AD4C9C9-9203-42CA-B604-C1A28DF67857}.Debug|Any CPU.ActiveCfg = Debug|Any CPU
		{7AD4C9C9-9203-42CA-B604-C1A28DF67857}.Debug|Any CPU.Build.0 = Debug|Any CPU
		{7AD4C9C9-9203-42CA-B604-C1A28DF67857}.Release|Any CPU.ActiveCfg = Release|Any CPU
		{7AD4C9C9-9203-42CA-B604-C1A28DF67857}.Release|Any CPU.Build.0 = Release|Any CPU
		{23672467-194F-4E82-9208-B052CE63C64C}.Debug|Any CPU.ActiveCfg = Debug|Any CPU
		{23672467-194F-4E82-9208-B052CE63C64C}.Debug|Any CPU.Build.0 = Debug|Any CPU
		{23672467-194F-4E82-9208-B052CE63C64C}.Release|Any CPU.ActiveCfg = Release|Any CPU
		{23672467-194F-4E82-9208-B052CE63C64C}.Release|Any CPU.Build.0 = Release|Any CPU
		{1C79666C-8EBB-4C15-94D2-C3CD43CAFB9A}.Debug|Any CPU.ActiveCfg = Debug|Any CPU
		{1C79666C-8EBB-4C15-94D2-C3CD43CAFB9A}.Debug|Any CPU.Build.0 = Debug|Any CPU
		{1C79666C-8EBB-4C15-94D2-C3CD43CAFB9A}.Release|Any CPU.ActiveCfg = Release|Any CPU
		{1C79666C-8EBB-4C15-94D2-C3CD43CAFB9A}.Release|Any CPU.Build.0 = Release|Any CPU
		{079A04CC-0D29-4B7A-A5A6-3F69B02122F0}.Debug|Any CPU.ActiveCfg = Debug|Any CPU
		{079A04CC-0D29-4B7A-A5A6-3F69B02122F0}.Debug|Any CPU.Build.0 = Debug|Any CPU
		{079A04CC-0D29-4B7A-A5A6-3F69B02122F0}.Release|Any CPU.ActiveCfg = Release|Any CPU
		{079A04CC-0D29-4B7A-A5A6-3F69B02122F0}.Release|Any CPU.Build.0 = Release|Any CPU
	EndGlobalSection
	GlobalSection(SolutionProperties) = preSolution
		HideSolutionNode = FALSE
	EndGlobalSection
	GlobalSection(ExtensibilityGlobals) = postSolution
		SolutionGuid = {4AB1A5F6-A887-4B0D-ACDE-E62AB3BCD0FE}
	EndGlobalSection
EndGlobal
